// !$*UTF8*$!
{
	archiveVersion = 1;
	classes = {
	};
	objectVersion = 46;
	objects = {

/* Begin PBXBuildFile section */
		8082D9CE1F59AD6E00E084C9 /* AppDelegate.swift in Sources */ = {isa = PBXBuildFile; fileRef = 8082D9CD1F59AD6E00E084C9 /* AppDelegate.swift */; };
		8082D9D01F59AD6E00E084C9 /* ViewController.swift in Sources */ = {isa = PBXBuildFile; fileRef = 8082D9CF1F59AD6E00E084C9 /* ViewController.swift */; };
		8082D9D31F59AD6E00E084C9 /* Main.storyboard in Resources */ = {isa = PBXBuildFile; fileRef = 8082D9D11F59AD6E00E084C9 /* Main.storyboard */; };
		8082D9D51F59AD6E00E084C9 /* Assets.xcassets in Resources */ = {isa = PBXBuildFile; fileRef = 8082D9D41F59AD6E00E084C9 /* Assets.xcassets */; };
		8082D9D81F59AD6E00E084C9 /* LaunchScreen.storyboard in Resources */ = {isa = PBXBuildFile; fileRef = 8082D9D61F59AD6E00E084C9 /* LaunchScreen.storyboard */; };
		8082D9E01F59B3F100E084C9 /* UIButtonExt.swift in Sources */ = {isa = PBXBuildFile; fileRef = 8082D9DF1F59B3F100E084C9 /* UIButtonExt.swift */; };
/* End PBXBuildFile section */

/* Begin PBXFileReference section */
		8082D9CA1F59AD6E00E084C9 /* extensions-dance-party.app */ = {isa = PBXFileReference; explicitFileType = wrapper.application; includeInIndex = 0; path = "extensions-dance-party.app"; sourceTree = BUILT_PRODUCTS_DIR; };
		8082D9CD1F59AD6E00E084C9 /* AppDelegate.swift */ = {isa = PBXFileReference; lastKnownFileType = sourcecode.swift; path = AppDelegate.swift; sourceTree = "<group>"; };
		8082D9CF1F59AD6E00E084C9 /* ViewController.swift */ = {isa = PBXFileReference; lastKnownFileType = sourcecode.swift; path = ViewController.swift; sourceTree = "<group>"; };
		8082D9D21F59AD6E00E084C9 /* Base */ = {isa = PBXFileReference; lastKnownFileType = file.storyboard; name = Base; path = Base.lproj/Main.storyboard; sourceTree = "<group>"; };
		8082D9D41F59AD6E00E084C9 /* Assets.xcassets */ = {isa = PBXFileReference; lastKnownFileType = folder.assetcatalog; path = Assets.xcassets; sourceTree = "<group>"; };
		8082D9D71F59AD6E00E084C9 /* Base */ = {isa = PBXFileReference; lastKnownFileType = file.storyboard; name = Base; path = Base.lproj/LaunchScreen.storyboard; sourceTree = "<group>"; };
		8082D9D91F59AD6E00E084C9 /* Info.plist */ = {isa = PBXFileReference; lastKnownFileType = text.plist.xml; path = Info.plist; sourceTree = "<group>"; };
		8082D9DF1F59B3F100E084C9 /* UIButtonExt.swift */ = {isa = PBXFileReference; fileEncoding = 4; lastKnownFileType = sourcecode.swift; path = UIButtonExt.swift; sourceTree = "<group>"; };
/* End PBXFileReference section */

/* Begin PBXFrameworksBuildPhase section */
		8082D9C71F59AD6D00E084C9 /* Frameworks */ = {
			isa = PBXFrameworksBuildPhase;
			buildActionMask = 2147483647;
			files = (
			);
			runOnlyForDeploymentPostprocessing = 0;
		};
/* End PBXFrameworksBuildPhase section */

/* Begin PBXGroup section */
		8082D9C11F59AD6D00E084C9 = {
			isa = PBXGroup;
			children = (
				8082D9CC1F59AD6E00E084C9 /* extensions-dance-party */,
				8082D9CB1F59AD6E00E084C9 /* Products */,
			);
			sourceTree = "<group>";
		};
		8082D9CB1F59AD6E00E084C9 /* Products */ = {
			isa = PBXGroup;
			children = (
				8082D9CA1F59AD6E00E084C9 /* extensions-dance-party.app */,
			);
			name = Products;
			sourceTree = "<group>";
		};
		8082D9CC1F59AD6E00E084C9 /* extensions-dance-party */ = {
			isa = PBXGroup;
			children = (
				8082D9CD1F59AD6E00E084C9 /* AppDelegate.swift */,
				8082D9CF1F59AD6E00E084C9 /* ViewController.swift */,
				8082D9D11F59AD6E00E084C9 /* Main.storyboard */,
				8082D9D41F59AD6E00E084C9 /* Assets.xcassets */,
				8082D9D61F59AD6E00E084C9 /* LaunchScreen.storyboard */,
				8082D9D91F59AD6E00E084C9 /* Info.plist */,
				8082D9DF1F59B3F100E084C9 /* UIButtonExt.swift */,
			);
			path = "extensions-dance-party";
			sourceTree = "<group>";
		};
/* End PBXGroup section */

/* Begin PBXNativeTarget section */
		8082D9C91F59AD6D00E084C9 /* extensions-dance-party */ = {
			isa = PBXNativeTarget;
			buildConfigurationList = 8082D9DC1F59AD6E00E084C9 /* Build configuration list for PBXNativeTarget "extensions-dance-party" */;
			buildPhases = (
				8082D9C61F59AD6D00E084C9 /* Sources */,
				8082D9C71F59AD6D00E084C9 /* Frameworks */,
				8082D9C81F59AD6D00E084C9 /* Resources */,
			);
			buildRules = (
			);
			dependencies = (
			);
			name = "extensions-dance-party";
			productName = "extensions-dance-party";
			productReference = 8082D9CA1F59AD6E00E084C9 /* extensions-dance-party.app */;
			productType = "com.apple.product-type.application";
		};
/* End PBXNativeTarget section */

/* Begin PBXProject section */
		8082D9C21F59AD6D00E084C9 /* Project object */ = {
			isa = PBXProject;
			attributes = {
				LastSwiftUpdateCheck = 0820;
				LastUpgradeCheck = 0820;
				ORGANIZATIONNAME = "Lewis McGrath";
				TargetAttributes = {
					8082D9C91F59AD6D00E084C9 = {
						CreatedOnToolsVersion = 8.2.1;
						ProvisioningStyle = Automatic;
					};
				};
			};
			buildConfigurationList = 8082D9C51F59AD6D00E084C9 /* Build configuration list for PBXProject "extensions-dance-party" */;
			compatibilityVersion = "Xcode 3.2";
			developmentRegion = English;
			hasScannedForEncodings = 0;
			knownRegions = (
				en,
				Base,
			);
			mainGroup = 8082D9C11F59AD6D00E084C9;
			productRefGroup = 8082D9CB1F59AD6E00E084C9 /* Products */;
			projectDirPath = "";
			projectRoot = "";
			targets = (
				8082D9C91F59AD6D00E084C9 /* extensions-dance-party */,
			);
		};
/* End PBXProject section */

/* Begin PBXResourcesBuildPhase section */
		8082D9C81F59AD6D00E084C9 /* Resources */ = {
			isa = PBXResourcesBuildPhase;
			buildActionMask = 2147483647;
			files = (
				8082D9D81F59AD6E00E084C9 /* LaunchScreen.storyboard in Resources */,
				8082D9D51F59AD6E00E084C9 /* Assets.xcassets in Resources */,
				8082D9D31F59AD6E00E084C9 /* Main.storyboard in Resources */,
			);
			runOnlyForDeploymentPostprocessing = 0;
		};
/* End PBXResourcesBuildPhase section */

/* Begin PBXSourcesBuildPhase section */
		8082D9C61F59AD6D00E084C9 /* Sources */ = {
			isa = PBXSourcesBuildPhase;
			buildActionMask = 2147483647;
			files = (
				8082D9D01F59AD6E00E084C9 /* ViewController.swift in Sources */,
				8082D9E01F59B3F100E084C9 /* UIButtonExt.swift in Sources */,
				8082D9CE1F59AD6E00E084C9 /* AppDelegate.swift in Sources */,
			);
			runOnlyForDeploymentPostprocessing = 0;
		};
/* End PBXSourcesBuildPhase section */

/* Begin PBXVariantGroup section */
		8082D9D11F59AD6E00E084C9 /* Main.storyboard */ = {
			isa = PBXVariantGroup;
			children = (
				8082D9D21F59AD6E00E084C9 /* Base */,
			);
			name = Main.storyboard;
			sourceTree = "<group>";
		};
		8082D9D61F59AD6E00E084C9 /* LaunchScreen.storyboard */ = {
			isa = PBXVariantGroup;
			children = (
				8082D9D71F59AD6E00E084C9 /* Base */,
			);
			name = LaunchScreen.storyboard;
			sourceTree = "<group>";
		};
/* End PBXVariantGroup section */

/* Begin XCBuildConfiguration section */
		8082D9DA1F59AD6E00E084C9 /* Debug */ = {
			isa = XCBuildConfiguration;
			buildSettings = {
				ALWAYS_SEARCH_USER_PATHS = NO;
				CLANG_ANALYZER_NONNULL = YES;
				CLANG_CXX_LANGUAGE_STANDARD = "gnu++0x";
				CLANG_CXX_LIBRARY = "libc++";
				CLANG_ENABLE_MODULES = YES;
				CLANG_ENABLE_OBJC_ARC = YES;
				CLANG_WARN_BOOL_CONVERSION = YES;
				CLANG_WARN_CONSTANT_CONVERSION = YES;
				CLANG_WARN_DIRECT_OBJC_ISA_USAGE = YES_ERROR;
				CLANG_WARN_DOCUMENTATION_COMMENTS = YES;
				CLANG_WARN_EMPTY_BODY = YES;
				CLANG_WARN_ENUM_CONVERSION = YES;
				CLANG_WARN_INFINITE_RECURSION = YES;
				CLANG_WARN_INT_CONVERSION = YES;
				CLANG_WARN_OBJC_ROOT_CLASS = YES_ERROR;
				CLANG_WARN_SUSPICIOUS_MOVE = YES;
				CLANG_WARN_UNREACHABLE_CODE = YES;
				CLANG_WARN__DUPLICATE_METHOD_MATCH = YES;
				"CODE_SIGN_IDENTITY[sdk=iphoneos*]" = "iPhone Developer";
				COPY_PHASE_STRIP = NO;
				DEBUG_INFORMATION_FORMAT = dwarf;
				ENABLE_STRICT_OBJC_MSGSEND = YES;
				ENABLE_TESTABILITY = YES;
				GCC_C_LANGUAGE_STANDARD = gnu99;
				GCC_DYNAMIC_NO_PIC = NO;
				GCC_NO_COMMON_BLOCKS = YES;
				GCC_OPTIMIZATION_LEVEL = 0;
				GCC_PREPROCESSOR_DEFINITIONS = (
					"DEBUG=1",
					"$(inherited)",
				);
				GCC_WARN_64_TO_32_BIT_CONVERSION = YES;
				GCC_WARN_ABOUT_RETURN_TYPE = YES_ERROR;
				GCC_WARN_UNDECLARED_SELECTOR = YES;
				GCC_WARN_UNINITIALIZED_AUTOS = YES_AGGRESSIVE;
				GCC_WARN_UNUSED_FUNCTION = YES;
				GCC_WARN_UNUSED_VARIABLE = YES;
				IPHONEOS_DEPLOYMENT_TARGET = 10.2;
				MTL_ENABLE_DEBUG_INFO = YES;
				ONLY_ACTIVE_ARCH = YES;
				SDKROOT = iphoneos;
				SWIFT_ACTIVE_COMPILATION_CONDITIONS = DEBUG;
				SWIFT_OPTIMIZATION_LEVEL = "-Onone";
				TARGETED_DEVICE_FAMILY = "1,2";
			};
			name = Debug;
		};
		8082D9DB1F59AD6E00E084C9 /* Release */ = {
			isa = XCBuildConfiguration;
			buildSettings = {
				ALWAYS_SEARCH_USER_PATHS = NO;
				CLANG_ANALYZER_NONNULL = YES;
				CLANG_CXX_LANGUAGE_STANDARD = "gnu++0x";
				CLANG_CXX_LIBRARY = "libc++";
				CLANG_ENABLE_MODULES = YES;
				CLANG_ENABLE_OBJC_ARC = YES;
				CLANG_WARN_BOOL_CONVERSION = YES;
				CLANG_WARN_CONSTANT_CONVERSION = YES;
				CLANG_WARN_DIRECT_OBJC_ISA_USAGE = YES_ERROR;
				CLANG_WARN_DOCUMENTATION_COMMENTS = YES;
				CLANG_WARN_EMPTY_BODY = YES;
				CLANG_WARN_ENUM_CONVERSION = YES;
				CLANG_WARN_INFINITE_RECURSION = YES;
				CLANG_WARN_INT_CONVERSION = YES;
				CLANG_WARN_OBJC_ROOT_CLASS = YES_ERROR;
				CLANG_WARN_SUSPICIOUS_MOVE = YES;
				CLANG_WARN_UNREACHABLE_CODE = YES;
				CLANG_WARN__DUPLICATE_METHOD_MATCH = YES;
				"CODE_SIGN_IDENTITY[sdk=iphoneos*]" = "iPhone Developer";
				COPY_PHASE_STRIP = NO;
				DEBUG_INFORMATION_FORMAT = "dwarf-with-dsym";
				ENABLE_NS_ASSERTIONS = NO;
				ENABLE_STRICT_OBJC_MSGSEND = YES;
				GCC_C_LANGUAGE_STANDARD = gnu99;
				GCC_NO_COMMON_BLOCKS = YES;
				GCC_WARN_64_TO_32_BIT_CONVERSION = YES;
				GCC_WARN_ABOUT_RETURN_TYPE = YES_ERROR;
				GCC_WARN_UNDECLARED_SELECTOR = YES;
				GCC_WARN_UNINITIALIZED_AUTOS = YES_AGGRESSIVE;
				GCC_WARN_UNUSED_FUNCTION = YES;
				GCC_WARN_UNUSED_VARIABLE = YES;
				IPHONEOS_DEPLOYMENT_TARGET = 10.2;
				MTL_ENABLE_DEBUG_INFO = NO;
				SDKROOT = iphoneos;
				SWIFT_OPTIMIZATION_LEVEL = "-Owholemodule";
				TARGETED_DEVICE_FAMILY = "1,2";
				VALIDATE_PRODUCT = YES;
			};
			name = Release;
		};
		8082D9DD1F59AD6E00E084C9 /* Debug */ = {
			isa = XCBuildConfiguration;
			buildSettings = {
				ASSETCATALOG_COMPILER_APPICON_NAME = AppIcon;
				INFOPLIST_FILE = "extensions-dance-party/Info.plist";
				LD_RUNPATH_SEARCH_PATHS = "$(inherited) @executable_path/Frameworks";
				PRODUCT_BUNDLE_IDENTIFIER = "com.lewis.extensions-dance-party";
				PRODUCT_NAME = "$(TARGET_NAME)";
				SWIFT_VERSION = 3.0;
			};
			name = Debug;
		};
		8082D9DE1F59AD6E00E084C9 /* Release */ = {
			isa = XCBuildConfiguration;
			buildSettings = {
				ASSETCATALOG_COMPILER_APPICON_NAME = AppIcon;
				INFOPLIST_FILE = "extensions-dance-party/Info.plist";
				LD_RUNPATH_SEARCH_PATHS = "$(inherited) @executable_path/Frameworks";
				PRODUCT_BUNDLE_IDENTIFIER = "com.lewis.extensions-dance-party";
				PRODUCT_NAME = "$(TARGET_NAME)";
				SWIFT_VERSION = 3.0;
			};
			name = Release;
		};
/* End XCBuildConfiguration section */

/* Begin XCConfigurationList section */
		8082D9C51F59AD6D00E084C9 /* Build configuration list for PBXProject "extensions-dance-party" */ = {
			isa = XCConfigurationList;
			buildConfigurations = (
				8082D9DA1F59AD6E00E084C9 /* Debug */,
				8082D9DB1F59AD6E00E084C9 /* Release */,
			);
			defaultConfigurationIsVisible = 0;
			defaultConfigurationName = Release;
		};
		8082D9DC1F59AD6E00E084C9 /* Build configuration list for PBXNativeTarget "extensions-dance-party" */ = {
			isa = XCConfigurationList;
			buildConfigurations = (
				8082D9DD1F59AD6E00E084C9 /* Debug */,
				8082D9DE1F59AD6E00E084C9 /* Release */,
			);
			defaultConfigurationIsVisible = 0;
			defaultConfigurationName = Release;
		};
/* End XCConfigurationList section */
	};
	rootObject = 8082D9C21F59AD6D00E084C9 /* Project object */;
}
